// !$*UTF8*$!
{
	archiveVersion = 1;
	classes = {
	};
	objectVersion = 46;
	objects = {

/* Begin PBXBuildFile section */
		45314AC71CD7DD8000187D12 /* SwiftLogging.swift in Sources */ = {isa = PBXBuildFile; fileRef = 455DD3A01AE6F38F00FF383E /* SwiftLogging.swift */; };
		453A35A41B07203B00A3923D /* AppDelegate.swift in Sources */ = {isa = PBXBuildFile; fileRef = 453A35A31B07203B00A3923D /* AppDelegate.swift */; };
		453A35A61B07203B00A3923D /* ViewController.swift in Sources */ = {isa = PBXBuildFile; fileRef = 453A35A51B07203B00A3923D /* ViewController.swift */; };
		453A35A81B07203B00A3923D /* Images.xcassets in Resources */ = {isa = PBXBuildFile; fileRef = 453A35A71B07203B00A3923D /* Images.xcassets */; };
		453A35AB1B07203B00A3923D /* Main.storyboard in Resources */ = {isa = PBXBuildFile; fileRef = 453A35A91B07203B00A3923D /* Main.storyboard */; };
/* End PBXBuildFile section */

/* Begin PBXCopyFilesBuildPhase section */
		45E147431B150EF100F46A98 /* Embed Frameworks */ = {
			isa = PBXCopyFilesBuildPhase;
			buildActionMask = 2147483647;
			dstPath = "";
			dstSubfolderSpec = 10;
			files = (
			);
			name = "Embed Frameworks";
			runOnlyForDeploymentPostprocessing = 0;
		};
/* End PBXCopyFilesBuildPhase section */

/* Begin PBXFileReference section */
		45347F431AFAF8730080DFF4 /* BridgingHeader.h */ = {isa = PBXFileReference; lastKnownFileType = sourcecode.c.h; path = BridgingHeader.h; sourceTree = "<group>"; };
		453A359F1B07203B00A3923D /* GUI_OSX.app */ = {isa = PBXFileReference; explicitFileType = wrapper.application; includeInIndex = 0; path = GUI_OSX.app; sourceTree = BUILT_PRODUCTS_DIR; };
		453A35A21B07203B00A3923D /* Info.plist */ = {isa = PBXFileReference; lastKnownFileType = text.plist.xml; path = Info.plist; sourceTree = "<group>"; };
		453A35A31B07203B00A3923D /* AppDelegate.swift */ = {isa = PBXFileReference; lastKnownFileType = sourcecode.swift; path = AppDelegate.swift; sourceTree = "<group>"; };
		453A35A51B07203B00A3923D /* ViewController.swift */ = {isa = PBXFileReference; lastKnownFileType = sourcecode.swift; path = ViewController.swift; sourceTree = "<group>"; };
		453A35A71B07203B00A3923D /* Images.xcassets */ = {isa = PBXFileReference; lastKnownFileType = folder.assetcatalog; path = Images.xcassets; sourceTree = "<group>"; };
		453A35AA1B07203B00A3923D /* Base */ = {isa = PBXFileReference; lastKnownFileType = file.storyboard; name = Base; path = Base.lproj/Main.storyboard; sourceTree = "<group>"; };
		4544F6261BD593AB0057E3D2 /* README.markdown */ = {isa = PBXFileReference; lastKnownFileType = net.daringfireball.markdown; path = README.markdown; sourceTree = "<group>"; };
		455DD3A01AE6F38F00FF383E /* SwiftLogging.swift */ = {isa = PBXFileReference; fileEncoding = 4; lastKnownFileType = sourcecode.swift; path = SwiftLogging.swift; sourceTree = "<group>"; };
		4564D6AD1B181D170004A3B3 /* Info.plist */ = {isa = PBXFileReference; lastKnownFileType = text.plist.xml; path = Info.plist; sourceTree = "<group>"; };
		4564D6AE1B181D170004A3B3 /* SwiftLogging_Tests.swift */ = {isa = PBXFileReference; lastKnownFileType = sourcecode.swift; path = SwiftLogging_Tests.swift; sourceTree = "<group>"; };
		45E1472A1B150EF100F46A98 /* Info.plist */ = {isa = PBXFileReference; lastKnownFileType = text.plist.xml; path = Info.plist; sourceTree = "<group>"; };
		45E1472B1B150EF100F46A98 /* SwiftLogging.h */ = {isa = PBXFileReference; lastKnownFileType = sourcecode.c.h; path = SwiftLogging.h; sourceTree = "<group>"; };
/* End PBXFileReference section */

/* Begin PBXFrameworksBuildPhase section */
		453A359C1B07203B00A3923D /* Frameworks */ = {
			isa = PBXFrameworksBuildPhase;
			buildActionMask = 2147483647;
			files = (
			);
			runOnlyForDeploymentPostprocessing = 0;
		};
/* End PBXFrameworksBuildPhase section */

/* Begin PBXGroup section */
		453A35A01B07203B00A3923D /* GUI */ = {
			isa = PBXGroup;
			children = (
				453A35A31B07203B00A3923D /* AppDelegate.swift */,
				453A35A51B07203B00A3923D /* ViewController.swift */,
				453A35A71B07203B00A3923D /* Images.xcassets */,
				453A35A91B07203B00A3923D /* Main.storyboard */,
				453A35A11B07203B00A3923D /* Supporting Files */,
			);
			path = GUI;
			sourceTree = "<group>";
		};
		453A35A11B07203B00A3923D /* Supporting Files */ = {
			isa = PBXGroup;
			children = (
				453A35A21B07203B00A3923D /* Info.plist */,
			);
			name = "Supporting Files";
			sourceTree = "<group>";
		};
		455DD38D1AE6F38400FF383E = {
			isa = PBXGroup;
			children = (
				4544F6261BD593AB0057E3D2 /* README.markdown */,
				455DD3981AE6F38400FF383E /* SwiftLogging */,
				453A35A01B07203B00A3923D /* GUI */,
				45E147281B150EF100F46A98 /* SwiftLogging */,
				4564D6AB1B181D170004A3B3 /* SwiftLogging Tests */,
				455DD3971AE6F38400FF383E /* Products */,
			);
			sourceTree = "<group>";
		};
		455DD3971AE6F38400FF383E /* Products */ = {
			isa = PBXGroup;
			children = (
				453A359F1B07203B00A3923D /* GUI_OSX.app */,
			);
			name = Products;
			sourceTree = "<group>";
		};
		455DD3981AE6F38400FF383E /* SwiftLogging */ = {
			isa = PBXGroup;
			children = (
				45347F431AFAF8730080DFF4 /* BridgingHeader.h */,
				455DD3A01AE6F38F00FF383E /* SwiftLogging.swift */,
			);
			path = SwiftLogging;
			sourceTree = "<group>";
		};
		4564D6AB1B181D170004A3B3 /* SwiftLogging Tests */ = {
			isa = PBXGroup;
			children = (
				4564D6AE1B181D170004A3B3 /* SwiftLogging_Tests.swift */,
				4564D6AC1B181D170004A3B3 /* Supporting Files */,
			);
			path = "SwiftLogging Tests";
			sourceTree = "<group>";
		};
		4564D6AC1B181D170004A3B3 /* Supporting Files */ = {
			isa = PBXGroup;
			children = (
				4564D6AD1B181D170004A3B3 /* Info.plist */,
			);
			name = "Supporting Files";
			sourceTree = "<group>";
		};
		45E147281B150EF100F46A98 /* SwiftLogging */ = {
			isa = PBXGroup;
			children = (
				45E1472B1B150EF100F46A98 /* SwiftLogging.h */,
				45E147291B150EF100F46A98 /* Supporting Files */,
			);
			path = SwiftLogging;
			sourceTree = "<group>";
		};
		45E147291B150EF100F46A98 /* Supporting Files */ = {
			isa = PBXGroup;
			children = (
				45E1472A1B150EF100F46A98 /* Info.plist */,
			);
			name = "Supporting Files";
			sourceTree = "<group>";
		};
/* End PBXGroup section */

/* Begin PBXNativeTarget section */
		453A359E1B07203B00A3923D /* GUI_OSX */ = {
			isa = PBXNativeTarget;
			buildConfigurationList = 453A35B81B07203B00A3923D /* Build configuration list for PBXNativeTarget "GUI_OSX" */;
			buildPhases = (
				453A359B1B07203B00A3923D /* Sources */,
				453A359C1B07203B00A3923D /* Frameworks */,
				453A359D1B07203B00A3923D /* Resources */,
				45E147431B150EF100F46A98 /* Embed Frameworks */,
			);
			buildRules = (
			);
			dependencies = (
			);
			name = GUI_OSX;
			productName = GUI;
			productReference = 453A359F1B07203B00A3923D /* GUI_OSX.app */;
			productType = "com.apple.product-type.application";
		};
/* End PBXNativeTarget section */

/* Begin PBXProject section */
		455DD38E1AE6F38400FF383E /* Project object */ = {
			isa = PBXProject;
			attributes = {
				LastSwiftMigration = 0700;
				LastSwiftUpdateCheck = 0730;
				LastUpgradeCheck = 0700;
				ORGANIZATIONNAME = schwa.io;
				TargetAttributes = {
					453A359E1B07203B00A3923D = {
						CreatedOnToolsVersion = 6.3.1;
					};
				};
			};
			buildConfigurationList = 455DD3911AE6F38400FF383E /* Build configuration list for PBXProject "SwiftLogging" */;
			compatibilityVersion = "Xcode 3.2";
			developmentRegion = English;
			hasScannedForEncodings = 0;
			knownRegions = (
				en,
				Base,
			);
			mainGroup = 455DD38D1AE6F38400FF383E;
			productRefGroup = 455DD3971AE6F38400FF383E /* Products */;
			projectDirPath = "";
			projectRoot = "";
			targets = (
				453A359E1B07203B00A3923D /* GUI_OSX */,
			);
		};
/* End PBXProject section */

/* Begin PBXResourcesBuildPhase section */
		453A359D1B07203B00A3923D /* Resources */ = {
			isa = PBXResourcesBuildPhase;
			buildActionMask = 2147483647;
			files = (
				453A35A81B07203B00A3923D /* Images.xcassets in Resources */,
				453A35AB1B07203B00A3923D /* Main.storyboard in Resources */,
			);
			runOnlyForDeploymentPostprocessing = 0;
		};
/* End PBXResourcesBuildPhase section */

/* Begin PBXSourcesBuildPhase section */
		453A359B1B07203B00A3923D /* Sources */ = {
			isa = PBXSourcesBuildPhase;
			buildActionMask = 2147483647;
			files = (
				453A35A61B07203B00A3923D /* ViewController.swift in Sources */,
				45314AC71CD7DD8000187D12 /* SwiftLogging.swift in Sources */,
				453A35A41B07203B00A3923D /* AppDelegate.swift in Sources */,
			);
			runOnlyForDeploymentPostprocessing = 0;
		};
/* End PBXSourcesBuildPhase section */

/* Begin PBXVariantGroup section */
		453A35A91B07203B00A3923D /* Main.storyboard */ = {
			isa = PBXVariantGroup;
			children = (
				453A35AA1B07203B00A3923D /* Base */,
			);
			name = Main.storyboard;
			sourceTree = "<group>";
		};
/* End PBXVariantGroup section */

/* Begin XCBuildConfiguration section */
		453A35B91B07203B00A3923D /* Debug */ = {
			isa = XCBuildConfiguration;
			buildSettings = {
				ASSETCATALOG_COMPILER_APPICON_NAME = AppIcon;
				COMBINE_HIDPI_IMAGES = YES;
				FRAMEWORK_SEARCH_PATHS = (
					"$(inherited)",
					"$(PROJECT_DIR)/Carthage/Build/Mac",
				);
				GCC_PREPROCESSOR_DEFINITIONS = (
					"DEBUG=1",
					"$(inherited)",
				);
				INFOPLIST_FILE = GUI/Info.plist;
				LD_RUNPATH_SEARCH_PATHS = "$(inherited) @executable_path/../Frameworks";
				PRODUCT_BUNDLE_IDENTIFIER = "io.schwa.$(PRODUCT_NAME:rfc1034identifier)";
				PRODUCT_NAME = "$(TARGET_NAME)";
			};
			name = Debug;
		};
		453A35BA1B07203B00A3923D /* Release */ = {
			isa = XCBuildConfiguration;
			buildSettings = {
				ASSETCATALOG_COMPILER_APPICON_NAME = AppIcon;
				COMBINE_HIDPI_IMAGES = YES;
				FRAMEWORK_SEARCH_PATHS = (
					"$(inherited)",
					"$(PROJECT_DIR)/Carthage/Build/Mac",
				);
				INFOPLIST_FILE = GUI/Info.plist;
				LD_RUNPATH_SEARCH_PATHS = "$(inherited) @executable_path/../Frameworks";
				PRODUCT_BUNDLE_IDENTIFIER = "io.schwa.$(PRODUCT_NAME:rfc1034identifier)";
				PRODUCT_NAME = "$(TARGET_NAME)";
			};
			name = Release;
		};
		455DD39B1AE6F38400FF383E /* Debug */ = {
			isa = XCBuildConfiguration;
			buildSettings = {
				ALWAYS_SEARCH_USER_PATHS = NO;
				CLANG_CXX_LANGUAGE_STANDARD = "gnu++0x";
				CLANG_CXX_LIBRARY = "libc++";
				CLANG_ENABLE_MODULES = YES;
				CLANG_ENABLE_OBJC_ARC = YES;
				CLANG_WARN_BOOL_CONVERSION = YES;
				CLANG_WARN_CONSTANT_CONVERSION = YES;
				CLANG_WARN_DIRECT_OBJC_ISA_USAGE = YES_ERROR;
				CLANG_WARN_EMPTY_BODY = YES;
				CLANG_WARN_ENUM_CONVERSION = YES;
				CLANG_WARN_INT_CONVERSION = YES;
				CLANG_WARN_OBJC_ROOT_CLASS = YES_ERROR;
				CLANG_WARN_UNREACHABLE_CODE = YES;
				CLANG_WARN__DUPLICATE_METHOD_MATCH = YES;
				COPY_PHASE_STRIP = NO;
				DEBUG_INFORMATION_FORMAT = dwarf;
				ENABLE_STRICT_OBJC_MSGSEND = YES;
				ENABLE_TESTABILITY = YES;
				GCC_C_LANGUAGE_STANDARD = gnu99;
				GCC_DYNAMIC_NO_PIC = NO;
				GCC_NO_COMMON_BLOCKS = YES;
				GCC_OPTIMIZATION_LEVEL = 0;
				GCC_PREPROCESSOR_DEFINITIONS = (
					"DEBUG=1",
					"$(inherited)",
				);
				GCC_SYMBOLS_PRIVATE_EXTERN = NO;
				GCC_TREAT_WARNINGS_AS_ERRORS = YES;
				GCC_WARN_64_TO_32_BIT_CONVERSION = YES;
				GCC_WARN_ABOUT_RETURN_TYPE = YES_ERROR;
				GCC_WARN_UNDECLARED_SELECTOR = YES;
				GCC_WARN_UNINITIALIZED_AUTOS = YES_AGGRESSIVE;
				GCC_WARN_UNUSED_FUNCTION = YES;
				GCC_WARN_UNUSED_VARIABLE = YES;
				IPHONEOS_DEPLOYMENT_TARGET = 9.0;
				MACOSX_DEPLOYMENT_TARGET = 10.11;
				MTL_ENABLE_DEBUG_INFO = YES;
				ONLY_ACTIVE_ARCH = YES;
				RUN_CLANG_STATIC_ANALYZER = YES;
				SDKROOT = macosx;
				SWIFT_OPTIMIZATION_LEVEL = "-Onone";
			};
			name = Debug;
		};
		455DD39C1AE6F38400FF383E /* Release */ = {
			isa = XCBuildConfiguration;
			buildSettings = {
				ALWAYS_SEARCH_USER_PATHS = NO;
				CLANG_CXX_LANGUAGE_STANDARD = "gnu++0x";
				CLANG_CXX_LIBRARY = "libc++";
				CLANG_ENABLE_MODULES = YES;
				CLANG_ENABLE_OBJC_ARC = YES;
				CLANG_WARN_BOOL_CONVERSION = YES;
				CLANG_WARN_CONSTANT_CONVERSION = YES;
				CLANG_WARN_DIRECT_OBJC_ISA_USAGE = YES_ERROR;
				CLANG_WARN_EMPTY_BODY = YES;
				CLANG_WARN_ENUM_CONVERSION = YES;
				CLANG_WARN_INT_CONVERSION = YES;
				CLANG_WARN_OBJC_ROOT_CLASS = YES_ERROR;
				CLANG_WARN_UNREACHABLE_CODE = YES;
				CLANG_WARN__DUPLICATE_METHOD_MATCH = YES;
				COPY_PHASE_STRIP = NO;
				DEBUG_INFORMATION_FORMAT = "dwarf-with-dsym";
				ENABLE_NS_ASSERTIONS = NO;
				ENABLE_STRICT_OBJC_MSGSEND = YES;
				GCC_C_LANGUAGE_STANDARD = gnu99;
				GCC_NO_COMMON_BLOCKS = YES;
				GCC_TREAT_WARNINGS_AS_ERRORS = YES;
				GCC_WARN_64_TO_32_BIT_CONVERSION = YES;
				GCC_WARN_ABOUT_RETURN_TYPE = YES_ERROR;
				GCC_WARN_UNDECLARED_SELECTOR = YES;
				GCC_WARN_UNINITIALIZED_AUTOS = YES_AGGRESSIVE;
				GCC_WARN_UNUSED_FUNCTION = YES;
				GCC_WARN_UNUSED_VARIABLE = YES;
				IPHONEOS_DEPLOYMENT_TARGET = 9.0;
				MACOSX_DEPLOYMENT_TARGET = 10.11;
				MTL_ENABLE_DEBUG_INFO = NO;
				RUN_CLANG_STATIC_ANALYZER = YES;
				SDKROOT = macosx;
			};
			name = Release;
		};
/* End XCBuildConfiguration section */

/* Begin XCConfigurationList section */
		453A35B81B07203B00A3923D /* Build configuration list for PBXNativeTarget "GUI_OSX" */ = {
			isa = XCConfigurationList;
			buildConfigurations = (
				453A35B91B07203B00A3923D /* Debug */,
				453A35BA1B07203B00A3923D /* Release */,
			);
			defaultConfigurationIsVisible = 0;
			defaultConfigurationName = Release;
		};
		455DD3911AE6F38400FF383E /* Build configuration list for PBXProject "SwiftLogging" */ = {
			isa = XCConfigurationList;
			buildConfigurations = (
				455DD39B1AE6F38400FF383E /* Debug */,
				455DD39C1AE6F38400FF383E /* Release */,
			);
			defaultConfigurationIsVisible = 0;
			defaultConfigurationName = Release;
		};
/* End XCConfigurationList section */
	};
	rootObject = 455DD38E1AE6F38400FF383E /* Project object */;
}
